{
  "lib/forge-std": {
    "rev": "b8f065fda83b8cd94a6b2fec8fcd911dc3b444fd"
  },
  "lib/openzeppelin-contracts": {
    "rev": "fcbae5394ae8ad52d8e580a3477db99814b9d565"
  },
  "lib/rain.math.saturating": {
    "rev": "22e58d70a223b18d83dfc5529e3ac87aef3ff478"
  },
  "lib/rain.string": {
    "rev": "0b1ca08aed6d9c06b83fe127a7d20ee7002ead28"
  }
}