{
  "lib/forge-std": {
    "rev": "1801b0541f4fda118a10798fd3486bb7051c5dd6"
  },
  "lib/openzeppelin-contracts": {
    "rev": "fcbae5394ae8ad52d8e580a3477db99814b9d565"
  },
  "lib/rain.math.saturating": {
    "rev": "4575cd697c155faaab7d45b2f2197dbf2b834f4b"
  },
  "lib/rain.string": {
    "rev": "488f237cd59874e4eb91b5a4f747bd57578fec7f"
  }
}