{
  "lib/forge-std": {
    "rev": "f46d8301cf732f4f83846565aa475628265e51e0"
  },
  "lib/openzeppelin-contracts": {
    "rev": "dc44c9f1a4c3b10af99492eed84f83ed244203f6"
  },
  "lib/rain.math.saturating": {
    "rev": "1c020c297a1f117b137802003968456c641a8253"
  },
  "lib/rain.string": {
    "rev": "8a0a8fa1cfee5a809b707494524db02cdbc090b5"
  }
}