[[dependencies]]
name = "@openzeppelin-contracts"
version = "5.7.0"
url = "https://soldeer-revisions.s3.amazonaws.com/@openzeppelin-contracts/5_7_0_29-07-2026_19:34:46_contracts.zip"
checksum = "fe08a24bc34334b2976c6ad69a0d74bdfa63de8a5c8528579060f25a11fb5cd5"
integrity = "3e13bc4d96bdef6e35f6b1e0dc0e455843a958edc597750dff20ca50295b767d"

[[dependencies]]
name = "forge-std"
version = "1.17.0"
url = "https://soldeer-revisions.s3.amazonaws.com/forge-std/1_17_0_01-10-2026_10:59:49_forge-std-1.17.zip"
checksum = "a77ad38d5fbef0ec10d1f4d191698e5fbaa2bffbee5d1aced91a39da5e9b908c"
integrity = "fa706c8a7caf3426c90f75e6aafa3224b0a6c899b490800cf6944e4ec42f9344"

[[dependencies]]
name = "rain-math-saturating"
version = "0.1.10"
url = "https://soldeer-revisions.s3.amazonaws.com/rain-math-saturating/0_1_10_06-09-2026_02:56:19_rain.math.zip"
checksum = "2c0b51ebfec8f0a6896e0a3dc3b251b423c49766641363ef1ad733d660c93d31"
integrity = "c45986d57624470fd89d5ceaab94f8a1ae575f159a50e21d66eef2eb755bfceb"

[[dependencies]]
name = "rain-string"
version = "0.3.9"
url = "https://soldeer-revisions.s3.amazonaws.com/rain-string/0_3_9_25-08-2026_10:18:31_rain.zip"
checksum = "fbeecc1f85d4449728c600abe78667db8367df5c391591195fe3bfc6bffd868e"
integrity = "898116147f72443a8c34315abbeb9906d8a4665fdcbb39e6ad70ddd84354db53"
